
Microsoft Visual Studio Solution File, Format Version 12.00
# Visual Studio Version 16
VisualStudioVersion = 16.0.30503.244
MinimumVisualStudioVersion = 10.0.40219.1
Project("{FAE04EC0-301F-11D3-BF4B-00C04F79EFBC}") = "Age Calculator", "Age Calculator\Age Calculator.csproj", "{B6B56F61-BADE-4327-8D4B-14C32B52AB4E}"
EndProject
Global
	GlobalSection(SolutionConfigurationPlatforms) = preSolution
		Debug|Any CPU = Debug|Any CPU
		Release|Any CPU = Release|Any CPU
	EndGlobalSection
	GlobalSection(ProjectConfigurationPlatforms) = postSolution
		{B6B56F61-BADE-4327-8D4B-14C32B52AB4E}.Debug|Any CPU.ActiveCfg = Debug|Any CPU
		{B6B56F61-BADE-4327-8D4B-14C32B52AB4E}.Debug|Any CPU.Build.0 = Debug|Any CPU
		{B6B56F61-BADE-4327-8D4B-14C32B52AB4E}.Release|Any CPU.ActiveCfg = Release|Any CPU
		{B6B56F61-BADE-4327-8D4B-14C32B52AB4E}.Release|Any CPU.Build.0 = Release|Any CPU
	EndGlobalSection
	GlobalSection(SolutionProperties) = preSolution
		HideSolutionNode = FALSE
	EndGlobalSection
	GlobalSection(ExtensibilityGlobals) = postSolution
		SolutionGuid = {973D1F29-F0BB-4AD2-94F2-A62D822FB831}
	EndGlobalSection
EndGlobal
